# THIS IS AN AUTOGENERATED FILE. DO NOT EDIT THIS FILE DIRECTLY.
# yarn lockfile v1


"kafkajs@^1.15.0":
  "integrity" "sha512-yjPyEnQCkPxAuQLIJnY5dI+xnmmgXmhuOQ1GVxClG5KTOV/rJcW1qA3UfvyEJKTp/RTSqQnUR3HJsKFvHyTpNg=="
  "resolved" "https://registry.npmjs.org/kafkajs/-/kafkajs-1.15.0.tgz"
  "version" "1.15.0"
